
Microsoft Visual Studio Solution File, Format Version 12.00
# Visual Studio Version 17
VisualStudioVersion = 17.11.35312.102
MinimumVisualStudioVersion = 10.0.40219.1
Project("{8BC9CEB8-8B4A-11D0-8D11-00A0C91BC942}") = "Core", "Core\Core.vcxproj", "{367F1CE9-F9C2-4EF6-9F0D-6596DCB1F6F4}"
	ProjectSection(ProjectDependencies) = postProject
		{FFF45BE4-3B19-4035-88C1-7C3E88C316DF} = {FFF45BE4-3B19-4035-88C1-7C3E88C316DF}
	EndProjectSection
EndProject
Project("{8BC9CEB8-8B4A-11D0-8D11-00A0C91BC942}") = "Example", "Example\Example.vcxproj", "{F3E78FFE-4C45-4079-A6FB-84641F2467B9}"
	ProjectSection(ProjectDependencies) = postProject
		{367F1CE9-F9C2-4EF6-9F0D-6596DCB1F6F4} = {367F1CE9-F9C2-4EF6-9F0D-6596DCB1F6F4}
		{FFF45BE4-3B19-4035-88C1-7C3E88C316DF} = {FFF45BE4-3B19-4035-88C1-7C3E88C316DF}
	EndProjectSection
EndProject
Project("{8BC9CEB8-8B4A-11D0-8D11-00A0C91BC942}") = "Editor", "Editor\Editor.vcxproj", "{C3ECA388-7DEE-4ABF-85DD-F95E9B175713}"
	ProjectSection(ProjectDependencies) = postProject
		{367F1CE9-F9C2-4EF6-9F0D-6596DCB1F6F4} = {367F1CE9-F9C2-4EF6-9F0D-6596DCB1F6F4}
		{FFF45BE4-3B19-4035-88C1-7C3E88C316DF} = {FFF45BE4-3B19-4035-88C1-7C3E88C316DF}
	EndProjectSection
EndProject
Project("{8BC9CEB8-8B4A-11D0-8D11-00A0C91BC942}") = "Pre-Proc", "Pre-Proc\Pre-Proc.vcxproj", "{FFF45BE4-3B19-4035-88C1-7C3E88C316DF}"
EndProject
Global
	GlobalSection(SolutionConfigurationPlatforms) = preSolution
		Debug|x64 = Debug|x64
		Debug|x86 = Debug|x86
		Release|x64 = Release|x64
		Release|x86 = Release|x86
	EndGlobalSection
	GlobalSection(ProjectConfigurationPlatforms) = postSolution
		{367F1CE9-F9C2-4EF6-9F0D-6596DCB1F6F4}.Debug|x64.ActiveCfg = Debug|x64
		{367F1CE9-F9C2-4EF6-9F0D-6596DCB1F6F4}.Debug|x64.Build.0 = Debug|x64
		{367F1CE9-F9C2-4EF6-9F0D-6596DCB1F6F4}.Debug|x86.ActiveCfg = Debug|Win32
		{367F1CE9-F9C2-4EF6-9F0D-6596DCB1F6F4}.Debug|x86.Build.0 = Debug|Win32
		{367F1CE9-F9C2-4EF6-9F0D-6596DCB1F6F4}.Release|x64.ActiveCfg = Release|x64
		{367F1CE9-F9C2-4EF6-9F0D-6596DCB1F6F4}.Release|x64.Build.0 = Release|x64
		{367F1CE9-F9C2-4EF6-9F0D-6596DCB1F6F4}.Release|x86.ActiveCfg = Release|Win32
		{367F1CE9-F9C2-4EF6-9F0D-6596DCB1F6F4}.Release|x86.Build.0 = Release|Win32
		{F3E78FFE-4C45-4079-A6FB-84641F2467B9}.Debug|x64.ActiveCfg = Debug|x64
		{F3E78FFE-4C45-4079-A6FB-84641F2467B9}.Debug|x64.Build.0 = Debug|x64
		{F3E78FFE-4C45-4079-A6FB-84641F2467B9}.Debug|x86.ActiveCfg = Debug|Win32
		{F3E78FFE-4C45-4079-A6FB-84641F2467B9}.Debug|x86.Build.0 = Debug|Win32
		{F3E78FFE-4C45-4079-A6FB-84641F2467B9}.Release|x64.ActiveCfg = Release|x64
		{F3E78FFE-4C45-4079-A6FB-84641F2467B9}.Release|x64.Build.0 = Release|x64
		{F3E78FFE-4C45-4079-A6FB-84641F2467B9}.Release|x86.ActiveCfg = Release|Win32
		{F3E78FFE-4C45-4079-A6FB-84641F2467B9}.Release|x86.Build.0 = Release|Win32
		{C3ECA388-7DEE-4ABF-85DD-F95E9B175713}.Debug|x64.ActiveCfg = Debug|x64
		{C3ECA388-7DEE-4ABF-85DD-F95E9B175713}.Debug|x64.Build.0 = Debug|x64
		{C3ECA388-7DEE-4ABF-85DD-F95E9B175713}.Debug|x86.ActiveCfg = Debug|Win32
		{C3ECA388-7DEE-4ABF-85DD-F95E9B175713}.Debug|x86.Build.0 = Debug|Win32
		{C3ECA388-7DEE-4ABF-85DD-F95E9B175713}.Release|x64.ActiveCfg = Release|x64
		{C3ECA388-7DEE-4ABF-85DD-F95E9B175713}.Release|x64.Build.0 = Release|x64
		{C3ECA388-7DEE-4ABF-85DD-F95E9B175713}.Release|x86.ActiveCfg = Release|Win32
		{C3ECA388-7DEE-4ABF-85DD-F95E9B175713}.Release|x86.Build.0 = Release|Win32
		{FFF45BE4-3B19-4035-88C1-7C3E88C316DF}.Debug|x64.ActiveCfg = Debug|x64
		{FFF45BE4-3B19-4035-88C1-7C3E88C316DF}.Debug|x64.Build.0 = Debug|x64
		{FFF45BE4-3B19-4035-88C1-7C3E88C316DF}.Debug|x86.ActiveCfg = Debug|Win32
		{FFF45BE4-3B19-4035-88C1-7C3E88C316DF}.Debug|x86.Build.0 = Debug|Win32
		{FFF45BE4-3B19-4035-88C1-7C3E88C316DF}.Release|x64.ActiveCfg = Release|x64
		{FFF45BE4-3B19-4035-88C1-7C3E88C316DF}.Release|x64.Build.0 = Release|x64
		{FFF45BE4-3B19-4035-88C1-7C3E88C316DF}.Release|x86.ActiveCfg = Release|Win32
		{FFF45BE4-3B19-4035-88C1-7C3E88C316DF}.Release|x86.Build.0 = Release|Win32
	EndGlobalSection
	GlobalSection(SolutionProperties) = preSolution
		HideSolutionNode = FALSE
	EndGlobalSection
	GlobalSection(ExtensibilityGlobals) = postSolution
		SolutionGuid = {98B803CA-2A45-4CD9-ADEE-065C275FD67B}
	EndGlobalSection
EndGlobal
